
Microsoft Visual Studio Solution File, Format Version 12.00
# Visual Studio Version 16
VisualStudioVersion = 16.0.31410.357
MinimumVisualStudioVersion = 10.0.40219.1
Project("{FAE04EC0-301F-11D3-BF4B-00C04F79EFBC}") = "Part C", "Part C.csproj", "{A52131F5-4C4B-42C0-8035-702B39BF32CA}"
EndProject
Global
	GlobalSection(SolutionConfigurationPlatforms) = preSolution
		Debug|Any CPU = Debug|Any CPU
		Release|Any CPU = Release|Any CPU
	EndGlobalSection
	GlobalSection(ProjectConfigurationPlatforms) = postSolution
		{A52131F5-4C4B-42C0-8035-702B39BF32CA}.Debug|Any CPU.ActiveCfg = Debug|Any CPU
		{A52131F5-4C4B-42C0-8035-702B39BF32CA}.Debug|Any CPU.Build.0 = Debug|Any CPU
		{A52131F5-4C4B-42C0-8035-702B39BF32CA}.Release|Any CPU.ActiveCfg = Release|Any CPU
		{A52131F5-4C4B-42C0-8035-702B39BF32CA}.Release|Any CPU.Build.0 = Release|Any CPU
	EndGlobalSection
	GlobalSection(SolutionProperties) = preSolution
		HideSolutionNode = FALSE
	EndGlobalSection
	GlobalSection(ExtensibilityGlobals) = postSolution
		SolutionGuid = {4B816E86-AFB6-4C15-8F8A-14D5BD46EBDB}
	EndGlobalSection
EndGlobal
